{
  "name": "ChargeIT",
  "lockfileVersion": 2,
  "requires": true,
  "packages": {
    "": {
      "dependencies": {
        "@react-native-community/hooks": "^3.0.0",
        "react-native-maps": "^0.28.0"
      }
    },
    "node_modules/@react-native-community/hooks": {
      "version": "3.0.0",
      "resolved": "https://registry.npmjs.org/@react-native-community/hooks/-/hooks-3.0.0.tgz",
      "integrity": "sha512-g2OyxXHfwIytXUJitBR6Z/ISoOfp0WKx5FOv+NqJ/CrWjRDcTw6zXE5I1C9axfuh30kJqzWchVfCDrkzZYTxqg==",
      "peerDependencies": {
        "react": ">=17.0.2",
        "react-native": ">=0.65"
      }
    },
    "node_modules/@types/geojson": {
      "version": "7946.0.10",
      "resolved": "https://registry.npmjs.org/@types/geojson/-/geojson-7946.0.10.tgz",
      "integrity": "sha512-Nmh0K3iWQJzniTuPRcJn5hxXkfB1T1pgB89SBig5PlJQU5yocazeu4jATJlaA0GYFKWMqDdvYemoSnF2pXgLVA=="
    },
    "node_modules/react-native-maps": {
      "version": "0.28.0",
      "resolved": "https://registry.npmjs.org/react-native-maps/-/react-native-maps-0.28.0.tgz",
      "integrity": "sha512-F+k5ZT9hhl+iXR1H+5ZcoHOEB5lPu9gCIwtA4lI/LoI9nfa9xFvr1vMiLIv44jzeGNzbE3+/R81IpcNDMJ5uDg==",
      "dependencies": {
        "@types/geojson": "^7946.0.7"
      },
      "peerDependencies": {
        "react": ">= 16.0 || < 17.0",
        "react-native": ">= 0.51",
        "react-native-web": "^0.11"
      }
    }
  },
  "dependencies": {
    "@react-native-community/hooks": {
      "version": "3.0.0",
      "resolved": "https://registry.npmjs.org/@react-native-community/hooks/-/hooks-3.0.0.tgz",
      "integrity": "sha512-g2OyxXHfwIytXUJitBR6Z/ISoOfp0WKx5FOv+NqJ/CrWjRDcTw6zXE5I1C9axfuh30kJqzWchVfCDrkzZYTxqg=="
    },
    "@types/geojson": {
      "version": "7946.0.10",
      "resolved": "https://registry.npmjs.org/@types/geojson/-/geojson-7946.0.10.tgz",
      "integrity": "sha512-Nmh0K3iWQJzniTuPRcJn5hxXkfB1T1pgB89SBig5PlJQU5yocazeu4jATJlaA0GYFKWMqDdvYemoSnF2pXgLVA=="
    },
    "react-native-maps": {
      "version": "0.28.0",
      "resolved": "https://registry.npmjs.org/react-native-maps/-/react-native-maps-0.28.0.tgz",
      "integrity": "sha512-F+k5ZT9hhl+iXR1H+5ZcoHOEB5lPu9gCIwtA4lI/LoI9nfa9xFvr1vMiLIv44jzeGNzbE3+/R81IpcNDMJ5uDg==",
      "requires": {
        "@types/geojson": "^7946.0.7"
      }
    }
  }
}
